
Microsoft Visual Studio Solution File, Format Version 12.00
# Visual Studio 15
VisualStudioVersion = 15.0.28307.168
MinimumVisualStudioVersion = 10.0.40219.1
Project("{FAE04EC0-301F-11D3-BF4B-00C04F79EFBC}") = "C0730407-C0731777", "C0730407-C0731777\C0730407-C0731777.csproj", "{6050AD61-39AB-46A8-A5CE-CB2E72DC087F}"
EndProject
Global
	GlobalSection(SolutionConfigurationPlatforms) = preSolution
		Debug|Any CPU = Debug|Any CPU
		Release|Any CPU = Release|Any CPU
	EndGlobalSection
	GlobalSection(ProjectConfigurationPlatforms) = postSolution
		{6050AD61-39AB-46A8-A5CE-CB2E72DC087F}.Debug|Any CPU.ActiveCfg = Debug|Any CPU
		{6050AD61-39AB-46A8-A5CE-CB2E72DC087F}.Debug|Any CPU.Build.0 = Debug|Any CPU
		{6050AD61-39AB-46A8-A5CE-CB2E72DC087F}.Release|Any CPU.ActiveCfg = Release|Any CPU
		{6050AD61-39AB-46A8-A5CE-CB2E72DC087F}.Release|Any CPU.Build.0 = Release|Any CPU
	EndGlobalSection
	GlobalSection(SolutionProperties) = preSolution
		HideSolutionNode = FALSE
	EndGlobalSection
	GlobalSection(ExtensibilityGlobals) = postSolution
		SolutionGuid = {54BC345A-3EC4-448F-8FE8-FCFB8EAE6B40}
	EndGlobalSection
EndGlobal
